// !$*UTF8*$!
{
	archiveVersion = 1;
	classes = {
	};
	objectVersion = 55;
	objects = {

/* Begin PBXBuildFile section */
		0D0B9536288A8FE2007637FD /* TextFieldEffects in Frameworks */ = {isa = PBXBuildFile; productRef = 0D0B9535288A8FE2007637FD /* TextFieldEffects */; };
		0D0B9538288BE808007637FD /* SelectCollectionViewController.swift in Sources */ = {isa = PBXBuildFile; fileRef = 0D0B9537288BE808007637FD /* SelectCollectionViewController.swift */; };
		0D0B953A288BEA6B007637FD /* DamagochiCollectionCell.swift in Sources */ = {isa = PBXBuildFile; fileRef = 0D0B9539288BEA6A007637FD /* DamagochiCollectionCell.swift */; };
		0D0B953C288C0173007637FD /* Model.swift in Sources */ = {isa = PBXBuildFile; fileRef = 0D0B953B288C0173007637FD /* Model.swift */; };
		0D0B953E288C06A9007637FD /* DetailPopUpViewController.swift in Sources */ = {isa = PBXBuildFile; fileRef = 0D0B953D288C06A9007637FD /* DetailPopUpViewController.swift */; };
		0D0C86E0288C21E700E28BBC /* Extension.swift in Sources */ = {isa = PBXBuildFile; fileRef = 0D0C86DF288C21E700E28BBC /* Extension.swift */; };
		0D0C86E2288C444F00E28BBC /* MainViewController.swift in Sources */ = {isa = PBXBuildFile; fileRef = 0D0C86E1288C444F00E28BBC /* MainViewController.swift */; };
		0D29716B288D3D4F00DEAB50 /* SettingTableViewController.swift in Sources */ = {isa = PBXBuildFile; fileRef = 0D29716A288D3D4F00DEAB50 /* SettingTableViewController.swift */; };
		0D29716D288D468800DEAB50 /* ChangeNameViewController.swift in Sources */ = {isa = PBXBuildFile; fileRef = 0D29716C288D468800DEAB50 /* ChangeNameViewController.swift */; };
		0D7B6BDB288A88B1003BC996 /* AppDelegate.swift in Sources */ = {isa = PBXBuildFile; fileRef = 0D7B6BDA288A88B1003BC996 /* AppDelegate.swift */; };
		0D7B6BDD288A88B1003BC996 /* SceneDelegate.swift in Sources */ = {isa = PBXBuildFile; fileRef = 0D7B6BDC288A88B1003BC996 /* SceneDelegate.swift */; };
		0D7B6BDF288A88B1003BC996 /* ViewController.swift in Sources */ = {isa = PBXBuildFile; fileRef = 0D7B6BDE288A88B1003BC996 /* ViewController.swift */; };
		0D7B6BE2288A88B1003BC996 /* Main.storyboard in Resources */ = {isa = PBXBuildFile; fileRef = 0D7B6BE0288A88B1003BC996 /* Main.storyboard */; };
		0D7B6BE4288A88B3003BC996 /* Assets.xcassets in Resources */ = {isa = PBXBuildFile; fileRef = 0D7B6BE3288A88B3003BC996 /* Assets.xcassets */; };
		0D7B6BE7288A88B3003BC996 /* LaunchScreen.storyboard in Resources */ = {isa = PBXBuildFile; fileRef = 0D7B6BE5288A88B3003BC996 /* LaunchScreen.storyboard */; };
		0DF37071288D814A00D65043 /* Toast in Frameworks */ = {isa = PBXBuildFile; productRef = 0DF37070288D814A00D65043 /* Toast */; };
		0DF37074288D832B00D65043 /* IQKeyboardManagerSwift in Frameworks */ = {isa = PBXBuildFile; productRef = 0DF37073288D832B00D65043 /* IQKeyboardManagerSwift */; };
/* End PBXBuildFile section */

/* Begin PBXFileReference section */
		0D0B9537288BE808007637FD /* SelectCollectionViewController.swift */ = {isa = PBXFileReference; lastKnownFileType = sourcecode.swift; path = SelectCollectionViewController.swift; sourceTree = "<group>"; };
		0D0B9539288BEA6A007637FD /* DamagochiCollectionCell.swift */ = {isa = PBXFileReference; lastKnownFileType = sourcecode.swift; path = DamagochiCollectionCell.swift; sourceTree = "<group>"; };
		0D0B953B288C0173007637FD /* Model.swift */ = {isa = PBXFileReference; lastKnownFileType = sourcecode.swift; path = Model.swift; sourceTree = "<group>"; };
		0D0B953D288C06A9007637FD /* DetailPopUpViewController.swift */ = {isa = PBXFileReference; lastKnownFileType = sourcecode.swift; path = DetailPopUpViewController.swift; sourceTree = "<group>"; };
		0D0C86DF288C21E700E28BBC /* Extension.swift */ = {isa = PBXFileReference; lastKnownFileType = sourcecode.swift; path = Extension.swift; sourceTree = "<group>"; };
		0D0C86E1288C444F00E28BBC /* MainViewController.swift */ = {isa = PBXFileReference; lastKnownFileType = sourcecode.swift; path = MainViewController.swift; sourceTree = "<group>"; };
		0D29716A288D3D4F00DEAB50 /* SettingTableViewController.swift */ = {isa = PBXFileReference; lastKnownFileType = sourcecode.swift; path = SettingTableViewController.swift; sourceTree = "<group>"; };
		0D29716C288D468800DEAB50 /* ChangeNameViewController.swift */ = {isa = PBXFileReference; lastKnownFileType = sourcecode.swift; path = ChangeNameViewController.swift; sourceTree = "<group>"; };
		0D7B6BD7288A88B1003BC996 /* Damagochi.app */ = {isa = PBXFileReference; explicitFileType = wrapper.application; includeInIndex = 0; path = Damagochi.app; sourceTree = BUILT_PRODUCTS_DIR; };
		0D7B6BDA288A88B1003BC996 /* AppDelegate.swift */ = {isa = PBXFileReference; lastKnownFileType = sourcecode.swift; path = AppDelegate.swift; sourceTree = "<group>"; };
		0D7B6BDC288A88B1003BC996 /* SceneDelegate.swift */ = {isa = PBXFileReference; lastKnownFileType = sourcecode.swift; path = SceneDelegate.swift; sourceTree = "<group>"; };
		0D7B6BDE288A88B1003BC996 /* ViewController.swift */ = {isa = PBXFileReference; lastKnownFileType = sourcecode.swift; path = ViewController.swift; sourceTree = "<group>"; };
		0D7B6BE1288A88B1003BC996 /* Base */ = {isa = PBXFileReference; lastKnownFileType = file.storyboard; name = Base; path = Base.lproj/Main.storyboard; sourceTree = "<group>"; };
		0D7B6BE3288A88B3003BC996 /* Assets.xcassets */ = {isa = PBXFileReference; lastKnownFileType = folder.assetcatalog; path = Assets.xcassets; sourceTree = "<group>"; };
		0D7B6BE6288A88B3003BC996 /* Base */ = {isa = PBXFileReference; lastKnownFileType = file.storyboard; name = Base; path = Base.lproj/LaunchScreen.storyboard; sourceTree = "<group>"; };
		0D7B6BE8288A88B3003BC996 /* Info.plist */ = {isa = PBXFileReference; lastKnownFileType = text.plist.xml; path = Info.plist; sourceTree = "<group>"; };
/* End PBXFileReference section */

/* Begin PBXFrameworksBuildPhase section */
		0D7B6BD4288A88B1003BC996 /* Frameworks */ = {
			isa = PBXFrameworksBuildPhase;
			buildActionMask = 2147483647;
			files = (
				0DF37071288D814A00D65043 /* Toast in Frameworks */,
				0D0B9536288A8FE2007637FD /* TextFieldEffects in Frameworks */,
				0DF37074288D832B00D65043 /* IQKeyboardManagerSwift in Frameworks */,
			);
			runOnlyForDeploymentPostprocessing = 0;
		};
/* End PBXFrameworksBuildPhase section */

/* Begin PBXGroup section */
		0D7B6BCE288A88B1003BC996 = {
			isa = PBXGroup;
			children = (
				0D7B6BD9288A88B1003BC996 /* Damagochi */,
				0D7B6BD8288A88B1003BC996 /* Products */,
			);
			sourceTree = "<group>";
			usesTabs = 0;
		};
		0D7B6BD8288A88B1003BC996 /* Products */ = {
			isa = PBXGroup;
			children = (
				0D7B6BD7288A88B1003BC996 /* Damagochi.app */,
			);
			name = Products;
			sourceTree = "<group>";
		};
		0D7B6BD9288A88B1003BC996 /* Damagochi */ = {
			isa = PBXGroup;
			children = (
				0D7B6BE8288A88B3003BC996 /* Info.plist */,
				0D7B6BDA288A88B1003BC996 /* AppDelegate.swift */,
				0D29716C288D468800DEAB50 /* ChangeNameViewController.swift */,
				0D0B9539288BEA6A007637FD /* DamagochiCollectionCell.swift */,
				0D0B953D288C06A9007637FD /* DetailPopUpViewController.swift */,
				0D0C86DF288C21E700E28BBC /* Extension.swift */,
				0D0C86E1288C444F00E28BBC /* MainViewController.swift */,
				0D0B953B288C0173007637FD /* Model.swift */,
				0D7B6BDC288A88B1003BC996 /* SceneDelegate.swift */,
				0D0B9537288BE808007637FD /* SelectCollectionViewController.swift */,
				0D29716A288D3D4F00DEAB50 /* SettingTableViewController.swift */,
				0D7B6BDE288A88B1003BC996 /* ViewController.swift */,
				0D7B6BE3288A88B3003BC996 /* Assets.xcassets */,
				0D7B6BE5288A88B3003BC996 /* LaunchScreen.storyboard */,
				0D7B6BE0288A88B1003BC996 /* Main.storyboard */,
			);
			path = Damagochi;
			sourceTree = "<group>";
		};
/* End PBXGroup section */

/* Begin PBXNativeTarget section */
		0D7B6BD6288A88B1003BC996 /* Damagochi */ = {
			isa = PBXNativeTarget;
			buildConfigurationList = 0D7B6BEB288A88B3003BC996 /* Build configuration list for PBXNativeTarget "Damagochi" */;
			buildPhases = (
				0D7B6BD3288A88B1003BC996 /* Sources */,
				0D7B6BD4288A88B1003BC996 /* Frameworks */,
				0D7B6BD5288A88B1003BC996 /* Resources */,
			);
			buildRules = (
			);
			dependencies = (
			);
			name = Damagochi;
			packageProductDependencies = (
				0D0B9535288A8FE2007637FD /* TextFieldEffects */,
				0DF37070288D814A00D65043 /* Toast */,
				0DF37073288D832B00D65043 /* IQKeyboardManagerSwift */,
			);
			productName = Damagochi;
			productReference = 0D7B6BD7288A88B1003BC996 /* Damagochi.app */;
			productType = "com.apple.product-type.application";
		};
/* End PBXNativeTarget section */

/* Begin PBXProject section */
		0D7B6BCF288A88B1003BC996 /* Project object */ = {
			isa = PBXProject;
			attributes = {
				BuildIndependentTargetsInParallel = 1;
				LastSwiftUpdateCheck = 1340;
				LastUpgradeCheck = 1340;
				TargetAttributes = {
					0D7B6BD6288A88B1003BC996 = {
						CreatedOnToolsVersion = 13.4.1;
					};
				};
			};
			buildConfigurationList = 0D7B6BD2288A88B1003BC996 /* Build configuration list for PBXProject "Damagochi" */;
			compatibilityVersion = "Xcode 13.0";
			developmentRegion = en;
			hasScannedForEncodings = 0;
			knownRegions = (
				en,
				Base,
			);
			mainGroup = 0D7B6BCE288A88B1003BC996;
			packageReferences = (
				0D0B9534288A8FE1007637FD /* XCRemoteSwiftPackageReference "TextFieldEffects" */,
				0DF3706F288D814A00D65043 /* XCRemoteSwiftPackageReference "Toast-Swift" */,
				0DF37072288D832B00D65043 /* XCRemoteSwiftPackageReference "IQKeyboardManager" */,
			);
			productRefGroup = 0D7B6BD8288A88B1003BC996 /* Products */;
			projectDirPath = "";
			projectRoot = "";
			targets = (
				0D7B6BD6288A88B1003BC996 /* Damagochi */,
			);
		};
/* End PBXProject section */

/* Begin PBXResourcesBuildPhase section */
		0D7B6BD5288A88B1003BC996 /* Resources */ = {
			isa = PBXResourcesBuildPhase;
			buildActionMask = 2147483647;
			files = (
				0D7B6BE7288A88B3003BC996 /* LaunchScreen.storyboard in Resources */,
				0D7B6BE4288A88B3003BC996 /* Assets.xcassets in Resources */,
				0D7B6BE2288A88B1003BC996 /* Main.storyboard in Resources */,
			);
			runOnlyForDeploymentPostprocessing = 0;
		};
/* End PBXResourcesBuildPhase section */

/* Begin PBXSourcesBuildPhase section */
		0D7B6BD3288A88B1003BC996 /* Sources */ = {
			isa = PBXSourcesBuildPhase;
			buildActionMask = 2147483647;
			files = (
				0D7B6BDF288A88B1003BC996 /* ViewController.swift in Sources */,
				0D0B953E288C06A9007637FD /* DetailPopUpViewController.swift in Sources */,
				0D7B6BDB288A88B1003BC996 /* AppDelegate.swift in Sources */,
				0D0B9538288BE808007637FD /* SelectCollectionViewController.swift in Sources */,
				0D29716B288D3D4F00DEAB50 /* SettingTableViewController.swift in Sources */,
				0D0B953C288C0173007637FD /* Model.swift in Sources */,
				0D29716D288D468800DEAB50 /* ChangeNameViewController.swift in Sources */,
				0D0C86E0288C21E700E28BBC /* Extension.swift in Sources */,
				0D0C86E2288C444F00E28BBC /* MainViewController.swift in Sources */,
				0D0B953A288BEA6B007637FD /* DamagochiCollectionCell.swift in Sources */,
				0D7B6BDD288A88B1003BC996 /* SceneDelegate.swift in Sources */,
			);
			runOnlyForDeploymentPostprocessing = 0;
		};
/* End PBXSourcesBuildPhase section */

/* Begin PBXVariantGroup section */
		0D7B6BE0288A88B1003BC996 /* Main.storyboard */ = {
			isa = PBXVariantGroup;
			children = (
				0D7B6BE1288A88B1003BC996 /* Base */,
			);
			name = Main.storyboard;
			sourceTree = "<group>";
		};
		0D7B6BE5288A88B3003BC996 /* LaunchScreen.storyboard */ = {
			isa = PBXVariantGroup;
			children = (
				0D7B6BE6288A88B3003BC996 /* Base */,
			);
			name = LaunchScreen.storyboard;
			sourceTree = "<group>";
		};
/* End PBXVariantGroup section */

/* Begin XCBuildConfiguration section */
		0D7B6BE9288A88B3003BC996 /* Debug */ = {
			isa = XCBuildConfiguration;
			buildSettings = {
				ALWAYS_SEARCH_USER_PATHS = NO;
				CLANG_ANALYZER_NONNULL = YES;
				CLANG_ANALYZER_NUMBER_OBJECT_CONVERSION = YES_AGGRESSIVE;
				CLANG_CXX_LANGUAGE_STANDARD = "gnu++17";
				CLANG_ENABLE_MODULES = YES;
				CLANG_ENABLE_OBJC_ARC = YES;
				CLANG_ENABLE_OBJC_WEAK = YES;
				CLANG_WARN_BLOCK_CAPTURE_AUTORELEASING = YES;
				CLANG_WARN_BOOL_CONVERSION = YES;
				CLANG_WARN_COMMA = YES;
				CLANG_WARN_CONSTANT_CONVERSION = YES;
				CLANG_WARN_DEPRECATED_OBJC_IMPLEMENTATIONS = YES;
				CLANG_WARN_DIRECT_OBJC_ISA_USAGE = YES_ERROR;
				CLANG_WARN_DOCUMENTATION_COMMENTS = YES;
				CLANG_WARN_EMPTY_BODY = YES;
				CLANG_WARN_ENUM_CONVERSION = YES;
				CLANG_WARN_INFINITE_RECURSION = YES;
				CLANG_WARN_INT_CONVERSION = YES;
				CLANG_WARN_NON_LITERAL_NULL_CONVERSION = YES;
				CLANG_WARN_OBJC_IMPLICIT_RETAIN_SELF = YES;
				CLANG_WARN_OBJC_LITERAL_CONVERSION = YES;
				CLANG_WARN_OBJC_ROOT_CLASS = YES_ERROR;
				CLANG_WARN_QUOTED_INCLUDE_IN_FRAMEWORK_HEADER = YES;
				CLANG_WARN_RANGE_LOOP_ANALYSIS = YES;
				CLANG_WARN_STRICT_PROTOTYPES = YES;
				CLANG_WARN_SUSPICIOUS_MOVE = YES;
				CLANG_WARN_UNGUARDED_AVAILABILITY = YES_AGGRESSIVE;
				CLANG_WARN_UNREACHABLE_CODE = YES;
				CLANG_WARN__DUPLICATE_METHOD_MATCH = YES;
				COPY_PHASE_STRIP = NO;
				DEBUG_INFORMATION_FORMAT = dwarf;
				ENABLE_STRICT_OBJC_MSGSEND = YES;
				ENABLE_TESTABILITY = YES;
				GCC_C_LANGUAGE_STANDARD = gnu11;
				GCC_DYNAMIC_NO_PIC = NO;
				GCC_NO_COMMON_BLOCKS = YES;
				GCC_OPTIMIZATION_LEVEL = 0;
				GCC_PREPROCESSOR_DEFINITIONS = (
					"DEBUG=1",
					"$(inherited)",
				);
				GCC_WARN_64_TO_32_BIT_CONVERSION = YES;
				GCC_WARN_ABOUT_RETURN_TYPE = YES_ERROR;
				GCC_WARN_UNDECLARED_SELECTOR = YES;
				GCC_WARN_UNINITIALIZED_AUTOS = YES_AGGRESSIVE;
				GCC_WARN_UNUSED_FUNCTION = YES;
				GCC_WARN_UNUSED_VARIABLE = YES;
				IPHONEOS_DEPLOYMENT_TARGET = 15.5;
				MTL_ENABLE_DEBUG_INFO = INCLUDE_SOURCE;
				MTL_FAST_MATH = YES;
				ONLY_ACTIVE_ARCH = YES;
				SDKROOT = iphoneos;
				SWIFT_ACTIVE_COMPILATION_CONDITIONS = DEBUG;
				SWIFT_OPTIMIZATION_LEVEL = "-Onone";
			};
			name = Debug;
		};
		0D7B6BEA288A88B3003BC996 /* Release */ = {
			isa = XCBuildConfiguration;
			buildSettings = {
				ALWAYS_SEARCH_USER_PATHS = NO;
				CLANG_ANALYZER_NONNULL = YES;
				CLANG_ANALYZER_NUMBER_OBJECT_CONVERSION = YES_AGGRESSIVE;
				CLANG_CXX_LANGUAGE_STANDARD = "gnu++17";
				CLANG_ENABLE_MODULES = YES;
				CLANG_ENABLE_OBJC_ARC = YES;
				CLANG_ENABLE_OBJC_WEAK = YES;
				CLANG_WARN_BLOCK_CAPTURE_AUTORELEASING = YES;
				CLANG_WARN_BOOL_CONVERSION = YES;
				CLANG_WARN_COMMA = YES;
				CLANG_WARN_CONSTANT_CONVERSION = YES;
				CLANG_WARN_DEPRECATED_OBJC_IMPLEMENTATIONS = YES;
				CLANG_WARN_DIRECT_OBJC_ISA_USAGE = YES_ERROR;
				CLANG_WARN_DOCUMENTATION_COMMENTS = YES;
				CLANG_WARN_EMPTY_BODY = YES;
				CLANG_WARN_ENUM_CONVERSION = YES;
				CLANG_WARN_INFINITE_RECURSION = YES;
				CLANG_WARN_INT_CONVERSION = YES;
				CLANG_WARN_NON_LITERAL_NULL_CONVERSION = YES;
				CLANG_WARN_OBJC_IMPLICIT_RETAIN_SELF = YES;
				CLANG_WARN_OBJC_LITERAL_CONVERSION = YES;
				CLANG_WARN_OBJC_ROOT_CLASS = YES_ERROR;
				CLANG_WARN_QUOTED_INCLUDE_IN_FRAMEWORK_HEADER = YES;
				CLANG_WARN_RANGE_LOOP_ANALYSIS = YES;
				CLANG_WARN_STRICT_PROTOTYPES = YES;
				CLANG_WARN_SUSPICIOUS_MOVE = YES;
				CLANG_WARN_UNGUARDED_AVAILABILITY = YES_AGGRESSIVE;
				CLANG_WARN_UNREACHABLE_CODE = YES;
				CLANG_WARN__DUPLICATE_METHOD_MATCH = YES;
				COPY_PHASE_STRIP = NO;
				DEBUG_INFORMATION_FORMAT = "dwarf-with-dsym";
				ENABLE_NS_ASSERTIONS = NO;
				ENABLE_STRICT_OBJC_MSGSEND = YES;
				GCC_C_LANGUAGE_STANDARD = gnu11;
				GCC_NO_COMMON_BLOCKS = YES;
				GCC_WARN_64_TO_32_BIT_CONVERSION = YES;
				GCC_WARN_ABOUT_RETURN_TYPE = YES_ERROR;
				GCC_WARN_UNDECLARED_SELECTOR = YES;
				GCC_WARN_UNINITIALIZED_AUTOS = YES_AGGRESSIVE;
				GCC_WARN_UNUSED_FUNCTION = YES;
				GCC_WARN_UNUSED_VARIABLE = YES;
				IPHONEOS_DEPLOYMENT_TARGET = 15.5;
				MTL_ENABLE_DEBUG_INFO = NO;
				MTL_FAST_MATH = YES;
				SDKROOT = iphoneos;
				SWIFT_COMPILATION_MODE = wholemodule;
				SWIFT_OPTIMIZATION_LEVEL = "-O";
				VALIDATE_PRODUCT = YES;
			};
			name = Release;
		};
		0D7B6BEC288A88B3003BC996 /* Debug */ = {
			isa = XCBuildConfiguration;
			buildSettings = {
				ASSETCATALOG_COMPILER_APPICON_NAME = AppIcon;
				ASSETCATALOG_COMPILER_GLOBAL_ACCENT_COLOR_NAME = AccentColor;
				CODE_SIGN_STYLE = Automatic;
				CURRENT_PROJECT_VERSION = 1;
				DEVELOPMENT_TEAM = "";
				GENERATE_INFOPLIST_FILE = YES;
				INFOPLIST_FILE = Damagochi/Info.plist;
				INFOPLIST_KEY_CFBundleDisplayName = "김윤수";
				INFOPLIST_KEY_UIApplicationSupportsIndirectInputEvents = YES;
				INFOPLIST_KEY_UILaunchStoryboardName = LaunchScreen;
				INFOPLIST_KEY_UIMainStoryboardFile = Main;
				INFOPLIST_KEY_UISupportedInterfaceOrientations = UIInterfaceOrientationPortrait;
				INFOPLIST_KEY_UISupportedInterfaceOrientations_iPad = "UIInterfaceOrientationPortrait UIInterfaceOrientationPortraitUpsideDown UIInterfaceOrientationLandscapeLeft UIInterfaceOrientationLandscapeRight";
				INFOPLIST_KEY_UISupportedInterfaceOrientations_iPhone = UIInterfaceOrientationPortrait;
				IPHONEOS_DEPLOYMENT_TARGET = 15.0;
				LD_RUNPATH_SEARCH_PATHS = (
					"$(inherited)",
					"@executable_path/Frameworks",
				);
				MARKETING_VERSION = 1.0;
				PRODUCT_BUNDLE_IDENTIFIER = lieutenantK.Damagochi;
				PRODUCT_NAME = "$(TARGET_NAME)";
				SWIFT_EMIT_LOC_STRINGS = YES;
				SWIFT_VERSION = 5.0;
				TARGETED_DEVICE_FAMILY = 1;
			};
			name = Debug;
		};
		0D7B6BED288A88B3003BC996 /* Release */ = {
			isa = XCBuildConfiguration;
			buildSettings = {
				ASSETCATALOG_COMPILER_APPICON_NAME = AppIcon;
				ASSETCATALOG_COMPILER_GLOBAL_ACCENT_COLOR_NAME = AccentColor;
				CODE_SIGN_STYLE = Automatic;
				CURRENT_PROJECT_VERSION = 1;
				DEVELOPMENT_TEAM = "";
				GENERATE_INFOPLIST_FILE = YES;
				INFOPLIST_FILE = Damagochi/Info.plist;
				INFOPLIST_KEY_CFBundleDisplayName = "김윤수";
				INFOPLIST_KEY_UIApplicationSupportsIndirectInputEvents = YES;
				INFOPLIST_KEY_UILaunchStoryboardName = LaunchScreen;
				INFOPLIST_KEY_UIMainStoryboardFile = Main;
				INFOPLIST_KEY_UISupportedInterfaceOrientations = UIInterfaceOrientationPortrait;
				INFOPLIST_KEY_UISupportedInterfaceOrientations_iPad = "UIInterfaceOrientationPortrait UIInterfaceOrientationPortraitUpsideDown UIInterfaceOrientationLandscapeLeft UIInterfaceOrientationLandscapeRight";
				INFOPLIST_KEY_UISupportedInterfaceOrientations_iPhone = UIInterfaceOrientationPortrait;
				IPHONEOS_DEPLOYMENT_TARGET = 15.0;
				LD_RUNPATH_SEARCH_PATHS = (
					"$(inherited)",
					"@executable_path/Frameworks",
				);
				MARKETING_VERSION = 1.0;
				PRODUCT_BUNDLE_IDENTIFIER = lieutenantK.Damagochi;
				PRODUCT_NAME = "$(TARGET_NAME)";
				SWIFT_EMIT_LOC_STRINGS = YES;
				SWIFT_VERSION = 5.0;
				TARGETED_DEVICE_FAMILY = 1;
			};
			name = Release;
		};
/* End XCBuildConfiguration section */

/* Begin XCConfigurationList section */
		0D7B6BD2288A88B1003BC996 /* Build configuration list for PBXProject "Damagochi" */ = {
			isa = XCConfigurationList;
			buildConfigurations = (
				0D7B6BE9288A88B3003BC996 /* Debug */,
				0D7B6BEA288A88B3003BC996 /* Release */,
			);
			defaultConfigurationIsVisible = 0;
			defaultConfigurationName = Release;
		};
		0D7B6BEB288A88B3003BC996 /* Build configuration list for PBXNativeTarget "Damagochi" */ = {
			isa = XCConfigurationList;
			buildConfigurations = (
				0D7B6BEC288A88B3003BC996 /* Debug */,
				0D7B6BED288A88B3003BC996 /* Release */,
			);
			defaultConfigurationIsVisible = 0;
			defaultConfigurationName = Release;
		};
/* End XCConfigurationList section */

/* Begin XCRemoteSwiftPackageReference section */
		0D0B9534288A8FE1007637FD /* XCRemoteSwiftPackageReference "TextFieldEffects" */ = {
			isa = XCRemoteSwiftPackageReference;
			repositoryURL = "https://github.com/raulriera/TextFieldEffects.git";
			requirement = {
				kind = upToNextMajorVersion;
				minimumVersion = 1.0.0;
			};
		};
		0DF3706F288D814A00D65043 /* XCRemoteSwiftPackageReference "Toast-Swift" */ = {
			isa = XCRemoteSwiftPackageReference;
			repositoryURL = "https://github.com/scalessec/Toast-Swift.git";
			requirement = {
				kind = upToNextMajorVersion;
				minimumVersion = 5.0.0;
			};
		};
		0DF37072288D832B00D65043 /* XCRemoteSwiftPackageReference "IQKeyboardManager" */ = {
			isa = XCRemoteSwiftPackageReference;
			repositoryURL = "https://github.com/hackiftekhar/IQKeyboardManager.git";
			requirement = {
				kind = exactVersion;
				version = 6.5.0;
			};
		};
/* End XCRemoteSwiftPackageReference section */

/* Begin XCSwiftPackageProductDependency section */
		0D0B9535288A8FE2007637FD /* TextFieldEffects */ = {
			isa = XCSwiftPackageProductDependency;
			package = 0D0B9534288A8FE1007637FD /* XCRemoteSwiftPackageReference "TextFieldEffects" */;
			productName = TextFieldEffects;
		};
		0DF37070288D814A00D65043 /* Toast */ = {
			isa = XCSwiftPackageProductDependency;
			package = 0DF3706F288D814A00D65043 /* XCRemoteSwiftPackageReference "Toast-Swift" */;
			productName = Toast;
		};
		0DF37073288D832B00D65043 /* IQKeyboardManagerSwift */ = {
			isa = XCSwiftPackageProductDependency;
			package = 0DF37072288D832B00D65043 /* XCRemoteSwiftPackageReference "IQKeyboardManager" */;
			productName = IQKeyboardManagerSwift;
		};
/* End XCSwiftPackageProductDependency section */
	};
	rootObject = 0D7B6BCF288A88B1003BC996 /* Project object */;
}
